
Microsoft Visual Studio Solution File, Format Version 12.00
Project("{FAE04EC0-301F-11D3-BF4B-00C04F79EFBC}") = "LongerReachRange", "LongerReachRange\LongerReachRange.csproj", "{65F48CE5-A8C4-49DC-8047-36DBCE950BD4}"
EndProject
Global
	GlobalSection(SolutionConfigurationPlatforms) = preSolution
		Debug|Any CPU = Debug|Any CPU
		Release|Any CPU = Release|Any CPU
	EndGlobalSection
	GlobalSection(ProjectConfigurationPlatforms) = postSolution
		{65F48CE5-A8C4-49DC-8047-36DBCE950BD4}.Debug|Any CPU.ActiveCfg = Debug|Any CPU
		{65F48CE5-A8C4-49DC-8047-36DBCE950BD4}.Debug|Any CPU.Build.0 = Debug|Any CPU
		{65F48CE5-A8C4-49DC-8047-36DBCE950BD4}.Release|Any CPU.ActiveCfg = Release|Any CPU
		{65F48CE5-A8C4-49DC-8047-36DBCE950BD4}.Release|Any CPU.Build.0 = Release|Any CPU
	EndGlobalSection
EndGlobal
